
Microsoft Visual Studio Solution File, Format Version 12.00
# Visual Studio Version 17
VisualStudioVersion = 17.14.36518.9 d17.14
MinimumVisualStudioVersion = 10.0.40219.1
Project("{FAE04EC0-301F-11D3-BF4B-00C04F79EFBC}") = "TP3-EX7-9", "TP3-EX7-9.csproj", "{1DAAFDF8-E023-4DA4-A696-8ECF7C1C47A5}"
EndProject
Global
	GlobalSection(SolutionConfigurationPlatforms) = preSolution
		Debug|Any CPU = Debug|Any CPU
		Release|Any CPU = Release|Any CPU
	EndGlobalSection
	GlobalSection(ProjectConfigurationPlatforms) = postSolution
		{1DAAFDF8-E023-4DA4-A696-8ECF7C1C47A5}.Debug|Any CPU.ActiveCfg = Debug|Any CPU
		{1DAAFDF8-E023-4DA4-A696-8ECF7C1C47A5}.Debug|Any CPU.Build.0 = Debug|Any CPU
		{1DAAFDF8-E023-4DA4-A696-8ECF7C1C47A5}.Release|Any CPU.ActiveCfg = Release|Any CPU
		{1DAAFDF8-E023-4DA4-A696-8ECF7C1C47A5}.Release|Any CPU.Build.0 = Release|Any CPU
	EndGlobalSection
	GlobalSection(SolutionProperties) = preSolution
		HideSolutionNode = FALSE
	EndGlobalSection
	GlobalSection(ExtensibilityGlobals) = postSolution
		SolutionGuid = {F13240B6-C4F0-4CCA-99E0-3CF0F6CE5BF9}
	EndGlobalSection
EndGlobal
