
Microsoft Visual Studio Solution File, Format Version 12.00
# Visual Studio Version 17
VisualStudioVersion = 17.14.36518.9 d17.14
MinimumVisualStudioVersion = 10.0.40219.1
Project("{FAE04EC0-301F-11D3-BF4B-00C04F79EFBC}") = "TP2-EX5", "TP2-EX5.csproj", "{F9EAC869-7785-4350-9A2A-FDF9D4BBA290}"
EndProject
Global
	GlobalSection(SolutionConfigurationPlatforms) = preSolution
		Debug|Any CPU = Debug|Any CPU
		Release|Any CPU = Release|Any CPU
	EndGlobalSection
	GlobalSection(ProjectConfigurationPlatforms) = postSolution
		{F9EAC869-7785-4350-9A2A-FDF9D4BBA290}.Debug|Any CPU.ActiveCfg = Debug|Any CPU
		{F9EAC869-7785-4350-9A2A-FDF9D4BBA290}.Debug|Any CPU.Build.0 = Debug|Any CPU
		{F9EAC869-7785-4350-9A2A-FDF9D4BBA290}.Release|Any CPU.ActiveCfg = Release|Any CPU
		{F9EAC869-7785-4350-9A2A-FDF9D4BBA290}.Release|Any CPU.Build.0 = Release|Any CPU
	EndGlobalSection
	GlobalSection(SolutionProperties) = preSolution
		HideSolutionNode = FALSE
	EndGlobalSection
	GlobalSection(ExtensibilityGlobals) = postSolution
		SolutionGuid = {D7D4F5DC-915D-47F2-9294-B5574D6AE8D9}
	EndGlobalSection
EndGlobal
