
Microsoft Visual Studio Solution File, Format Version 12.00
# Visual Studio Version 17
VisualStudioVersion = 17.14.36518.9 d17.14
MinimumVisualStudioVersion = 10.0.40219.1
Project("{FAE04EC0-301F-11D3-BF4B-00C04F79EFBC}") = "TP3-EX2", "TP3-EX2.csproj", "{2E1AB903-5745-4AB1-82EB-E40F61AE93BD}"
EndProject
Global
	GlobalSection(SolutionConfigurationPlatforms) = preSolution
		Debug|Any CPU = Debug|Any CPU
		Release|Any CPU = Release|Any CPU
	EndGlobalSection
	GlobalSection(ProjectConfigurationPlatforms) = postSolution
		{2E1AB903-5745-4AB1-82EB-E40F61AE93BD}.Debug|Any CPU.ActiveCfg = Debug|Any CPU
		{2E1AB903-5745-4AB1-82EB-E40F61AE93BD}.Debug|Any CPU.Build.0 = Debug|Any CPU
		{2E1AB903-5745-4AB1-82EB-E40F61AE93BD}.Release|Any CPU.ActiveCfg = Release|Any CPU
		{2E1AB903-5745-4AB1-82EB-E40F61AE93BD}.Release|Any CPU.Build.0 = Release|Any CPU
	EndGlobalSection
	GlobalSection(SolutionProperties) = preSolution
		HideSolutionNode = FALSE
	EndGlobalSection
	GlobalSection(ExtensibilityGlobals) = postSolution
		SolutionGuid = {A25B0806-0D7A-4895-9428-2A82332B873E}
	EndGlobalSection
EndGlobal
